
Microsoft Visual Studio Solution File, Format Version 12.00
# Visual Studio 15
VisualStudioVersion = 15.0.28010.2041
MinimumVisualStudioVersion = 10.0.40219.1
Project("{FAE04EC0-301F-11D3-BF4B-00C04F79EFBC}") = "App5", "App5\App5.csproj", "{D01985E1-1204-41DA-A156-C4691DA03726}"
EndProject
Global
	GlobalSection(SolutionConfigurationPlatforms) = preSolution
		Debug|ARM = Debug|ARM
		Debug|x64 = Debug|x64
		Debug|x86 = Debug|x86
		Release|ARM = Release|ARM
		Release|x64 = Release|x64
		Release|x86 = Release|x86
	EndGlobalSection
	GlobalSection(ProjectConfigurationPlatforms) = postSolution
		{D01985E1-1204-41DA-A156-C4691DA03726}.Debug|ARM.ActiveCfg = Debug|ARM
		{D01985E1-1204-41DA-A156-C4691DA03726}.Debug|ARM.Build.0 = Debug|ARM
		{D01985E1-1204-41DA-A156-C4691DA03726}.Debug|ARM.Deploy.0 = Debug|ARM
		{D01985E1-1204-41DA-A156-C4691DA03726}.Debug|x64.ActiveCfg = Debug|x64
		{D01985E1-1204-41DA-A156-C4691DA03726}.Debug|x64.Build.0 = Debug|x64
		{D01985E1-1204-41DA-A156-C4691DA03726}.Debug|x64.Deploy.0 = Debug|x64
		{D01985E1-1204-41DA-A156-C4691DA03726}.Debug|x86.ActiveCfg = Debug|x86
		{D01985E1-1204-41DA-A156-C4691DA03726}.Debug|x86.Build.0 = Debug|x86
		{D01985E1-1204-41DA-A156-C4691DA03726}.Debug|x86.Deploy.0 = Debug|x86
		{D01985E1-1204-41DA-A156-C4691DA03726}.Release|ARM.ActiveCfg = Release|ARM
		{D01985E1-1204-41DA-A156-C4691DA03726}.Release|ARM.Build.0 = Release|ARM
		{D01985E1-1204-41DA-A156-C4691DA03726}.Release|ARM.Deploy.0 = Release|ARM
		{D01985E1-1204-41DA-A156-C4691DA03726}.Release|x64.ActiveCfg = Release|x64
		{D01985E1-1204-41DA-A156-C4691DA03726}.Release|x64.Build.0 = Release|x64
		{D01985E1-1204-41DA-A156-C4691DA03726}.Release|x64.Deploy.0 = Release|x64
		{D01985E1-1204-41DA-A156-C4691DA03726}.Release|x86.ActiveCfg = Release|x86
		{D01985E1-1204-41DA-A156-C4691DA03726}.Release|x86.Build.0 = Release|x86
		{D01985E1-1204-41DA-A156-C4691DA03726}.Release|x86.Deploy.0 = Release|x86
	EndGlobalSection
	GlobalSection(SolutionProperties) = preSolution
		HideSolutionNode = FALSE
	EndGlobalSection
	GlobalSection(ExtensibilityGlobals) = postSolution
		SolutionGuid = {42484DDC-C277-476A-8E32-441BCF443FDA}
	EndGlobalSection
EndGlobal
